// !$*UTF8*$!
{
	archiveVersion = 1;
	classes = {
	};
	objectVersion = 46;
	objects = {

/* Begin PBXBuildFile section */
		E4901E9C1CE196970049B55F /* main.m in Sources */ = {isa = PBXBuildFile; fileRef = E4901E9B1CE196970049B55F /* main.m */; };
		E4901EA51CE196970049B55F /* Main.storyboard in Resources */ = {isa = PBXBuildFile; fileRef = E4901EA31CE196970049B55F /* Main.storyboard */; };
		E4901EA71CE196970049B55F /* Assets.xcassets in Resources */ = {isa = PBXBuildFile; fileRef = E4901EA61CE196970049B55F /* Assets.xcassets */; };
		E4901EAA1CE196970049B55F /* LaunchScreen.storyboard in Resources */ = {isa = PBXBuildFile; fileRef = E4901EA81CE196970049B55F /* LaunchScreen.storyboard */; };
		E4901EB71CE196C00049B55F /* AppDelegate.m in Sources */ = {isa = PBXBuildFile; fileRef = E4901EB21CE196C00049B55F /* AppDelegate.m */; };
		E4901EB81CE196C00049B55F /* ViewController.m in Sources */ = {isa = PBXBuildFile; fileRef = E4901EB41CE196C00049B55F /* ViewController.m */; };
		E4901EB91CE196C00049B55F /* ZBSingleton.m in Sources */ = {isa = PBXBuildFile; fileRef = E4901EB61CE196C00049B55F /* ZBSingleton.m */; };
/* End PBXBuildFile section */

/* Begin PBXFileReference section */
		E4901E971CE196970049B55F /* ZBDemo-单例模式.app */ = {isa = PBXFileReference; explicitFileType = wrapper.application; includeInIndex = 0; path = "ZBDemo-单例模式.app"; sourceTree = BUILT_PRODUCTS_DIR; };
		E4901E9B1CE196970049B55F /* main.m */ = {isa = PBXFileReference; lastKnownFileType = sourcecode.c.objc; path = main.m; sourceTree = "<group>"; };
		E4901EA41CE196970049B55F /* Base */ = {isa = PBXFileReference; lastKnownFileType = file.storyboard; name = Base; path = Base.lproj/Main.storyboard; sourceTree = "<group>"; };
		E4901EA61CE196970049B55F /* Assets.xcassets */ = {isa = PBXFileReference; lastKnownFileType = folder.assetcatalog; path = Assets.xcassets; sourceTree = "<group>"; };
		E4901EA91CE196970049B55F /* Base */ = {isa = PBXFileReference; lastKnownFileType = file.storyboard; name = Base; path = Base.lproj/LaunchScreen.storyboard; sourceTree = "<group>"; };
		E4901EAB1CE196970049B55F /* Info.plist */ = {isa = PBXFileReference; lastKnownFileType = text.plist.xml; path = Info.plist; sourceTree = "<group>"; };
		E4901EB11CE196C00049B55F /* AppDelegate.h */ = {isa = PBXFileReference; fileEncoding = 4; lastKnownFileType = sourcecode.c.h; path = AppDelegate.h; sourceTree = "<group>"; };
		E4901EB21CE196C00049B55F /* AppDelegate.m */ = {isa = PBXFileReference; fileEncoding = 4; lastKnownFileType = sourcecode.c.objc; path = AppDelegate.m; sourceTree = "<group>"; };
		E4901EB31CE196C00049B55F /* ViewController.h */ = {isa = PBXFileReference; fileEncoding = 4; lastKnownFileType = sourcecode.c.h; path = ViewController.h; sourceTree = "<group>"; };
		E4901EB41CE196C00049B55F /* ViewController.m */ = {isa = PBXFileReference; fileEncoding = 4; lastKnownFileType = sourcecode.c.objc; path = ViewController.m; sourceTree = "<group>"; };
		E4901EB51CE196C00049B55F /* ZBSingleton.h */ = {isa = PBXFileReference; fileEncoding = 4; lastKnownFileType = sourcecode.c.h; path = ZBSingleton.h; sourceTree = "<group>"; };
		E4901EB61CE196C00049B55F /* ZBSingleton.m */ = {isa = PBXFileReference; fileEncoding = 4; lastKnownFileType = sourcecode.c.objc; path = ZBSingleton.m; sourceTree = "<group>"; };
/* End PBXFileReference section */

/* Begin PBXFrameworksBuildPhase section */
		E4901E941CE196970049B55F /* Frameworks */ = {
			isa = PBXFrameworksBuildPhase;
			buildActionMask = 2147483647;
			files = (
			);
			runOnlyForDeploymentPostprocessing = 0;
		};
/* End PBXFrameworksBuildPhase section */

/* Begin PBXGroup section */
		E4901E8E1CE196970049B55F = {
			isa = PBXGroup;
			children = (
				E4901E991CE196970049B55F /* ZBDemo-单例模式 */,
				E4901E981CE196970049B55F /* Products */,
			);
			sourceTree = "<group>";
		};
		E4901E981CE196970049B55F /* Products */ = {
			isa = PBXGroup;
			children = (
				E4901E971CE196970049B55F /* ZBDemo-单例模式.app */,
			);
			name = Products;
			sourceTree = "<group>";
		};
		E4901E991CE196970049B55F /* ZBDemo-单例模式 */ = {
			isa = PBXGroup;
			children = (
				E4901EB11CE196C00049B55F /* AppDelegate.h */,
				E4901EB21CE196C00049B55F /* AppDelegate.m */,
				E4901EB31CE196C00049B55F /* ViewController.h */,
				E4901EB41CE196C00049B55F /* ViewController.m */,
				E4901EB51CE196C00049B55F /* ZBSingleton.h */,
				E4901EB61CE196C00049B55F /* ZBSingleton.m */,
				E4901EA31CE196970049B55F /* Main.storyboard */,
				E4901EA61CE196970049B55F /* Assets.xcassets */,
				E4901EA81CE196970049B55F /* LaunchScreen.storyboard */,
				E4901EAB1CE196970049B55F /* Info.plist */,
				E4901E9A1CE196970049B55F /* Supporting Files */,
			);
			path = "ZBDemo-单例模式";
			sourceTree = "<group>";
		};
		E4901E9A1CE196970049B55F /* Supporting Files */ = {
			isa = PBXGroup;
			children = (
				E4901E9B1CE196970049B55F /* main.m */,
			);
			name = "Supporting Files";
			sourceTree = "<group>";
		};
/* End PBXGroup section */

/* Begin PBXNativeTarget section */
		E4901E961CE196970049B55F /* ZBDemo-单例模式 */ = {
			isa = PBXNativeTarget;
			buildConfigurationList = E4901EAE1CE196970049B55F /* Build configuration list for PBXNativeTarget "ZBDemo-单例模式" */;
			buildPhases = (
				E4901E931CE196970049B55F /* Sources */,
				E4901E941CE196970049B55F /* Frameworks */,
				E4901E951CE196970049B55F /* Resources */,
			);
			buildRules = (
			);
			dependencies = (
			);
			name = "ZBDemo-单例模式";
			productName = "ZBDemo-单例模式";
			productReference = E4901E971CE196970049B55F /* ZBDemo-单例模式.app */;
			productType = "com.apple.product-type.application";
		};
/* End PBXNativeTarget section */

/* Begin PBXProject section */
		E4901E8F1CE196970049B55F /* Project object */ = {
			isa = PBXProject;
			attributes = {
				LastUpgradeCheck = 0730;
				ORGANIZATIONNAME = Damon;
				TargetAttributes = {
					E4901E961CE196970049B55F = {
						CreatedOnToolsVersion = 7.3.1;
					};
				};
			};
			buildConfigurationList = E4901E921CE196970049B55F /* Build configuration list for PBXProject "ZBDemo-单例模式" */;
			compatibilityVersion = "Xcode 3.2";
			developmentRegion = English;
			hasScannedForEncodings = 0;
			knownRegions = (
				en,
				Base,
			);
			mainGroup = E4901E8E1CE196970049B55F;
			productRefGroup = E4901E981CE196970049B55F /* Products */;
			projectDirPath = "";
			projectRoot = "";
			targets = (
				E4901E961CE196970049B55F /* ZBDemo-单例模式 */,
			);
		};
/* End PBXProject section */

/* Begin PBXResourcesBuildPhase section */
		E4901E951CE196970049B55F /* Resources */ = {
			isa = PBXResourcesBuildPhase;
			buildActionMask = 2147483647;
			files = (
				E4901EAA1CE196970049B55F /* LaunchScreen.storyboard in Resources */,
				E4901EA71CE196970049B55F /* Assets.xcassets in Resources */,
				E4901EA51CE196970049B55F /* Main.storyboard in Resources */,
			);
			runOnlyForDeploymentPostprocessing = 0;
		};
/* End PBXResourcesBuildPhase section */

/* Begin PBXSourcesBuildPhase section */
		E4901E931CE196970049B55F /* Sources */ = {
			isa = PBXSourcesBuildPhase;
			buildActionMask = 2147483647;
			files = (
				E4901EB81CE196C00049B55F /* ViewController.m in Sources */,
				E4901EB71CE196C00049B55F /* AppDelegate.m in Sources */,
				E4901E9C1CE196970049B55F /* main.m in Sources */,
				E4901EB91CE196C00049B55F /* ZBSingleton.m in Sources */,
			);
			runOnlyForDeploymentPostprocessing = 0;
		};
/* End PBXSourcesBuildPhase section */

/* Begin PBXVariantGroup section */
		E4901EA31CE196970049B55F /* Main.storyboard */ = {
			isa = PBXVariantGroup;
			children = (
				E4901EA41CE196970049B55F /* Base */,
			);
			name = Main.storyboard;
			sourceTree = "<group>";
		};
		E4901EA81CE196970049B55F /* LaunchScreen.storyboard */ = {
			isa = PBXVariantGroup;
			children = (
				E4901EA91CE196970049B55F /* Base */,
			);
			name = LaunchScreen.storyboard;
			sourceTree = "<group>";
		};
/* End PBXVariantGroup section */

/* Begin XCBuildConfiguration section */
		E4901EAC1CE196970049B55F /* Debug */ = {
			isa = XCBuildConfiguration;
			buildSettings = {
				ALWAYS_SEARCH_USER_PATHS = NO;
				CLANG_ANALYZER_NONNULL = YES;
				CLANG_CXX_LANGUAGE_STANDARD = "gnu++0x";
				CLANG_CXX_LIBRARY = "libc++";
				CLANG_ENABLE_MODULES = YES;
				CLANG_ENABLE_OBJC_ARC = YES;
				CLANG_WARN_BOOL_CONVERSION = YES;
				CLANG_WARN_CONSTANT_CONVERSION = YES;
				CLANG_WARN_DIRECT_OBJC_ISA_USAGE = YES_ERROR;
				CLANG_WARN_EMPTY_BODY = YES;
				CLANG_WARN_ENUM_CONVERSION = YES;
				CLANG_WARN_INT_CONVERSION = YES;
				CLANG_WARN_OBJC_ROOT_CLASS = YES_ERROR;
				CLANG_WARN_UNREACHABLE_CODE = YES;
				CLANG_WARN__DUPLICATE_METHOD_MATCH = YES;
				"CODE_SIGN_IDENTITY[sdk=iphoneos*]" = "iPhone Developer";
				COPY_PHASE_STRIP = NO;
				DEBUG_INFORMATION_FORMAT = dwarf;
				ENABLE_STRICT_OBJC_MSGSEND = YES;
				ENABLE_TESTABILITY = YES;
				GCC_C_LANGUAGE_STANDARD = gnu99;
				GCC_DYNAMIC_NO_PIC = NO;
				GCC_NO_COMMON_BLOCKS = YES;
				GCC_OPTIMIZATION_LEVEL = 0;
				GCC_PREPROCESSOR_DEFINITIONS = (
					"DEBUG=1",
					"$(inherited)",
				);
				GCC_WARN_64_TO_32_BIT_CONVERSION = YES;
				GCC_WARN_ABOUT_RETURN_TYPE = YES_ERROR;
				GCC_WARN_UNDECLARED_SELECTOR = YES;
				GCC_WARN_UNINITIALIZED_AUTOS = YES_AGGRESSIVE;
				GCC_WARN_UNUSED_FUNCTION = YES;
				GCC_WARN_UNUSED_VARIABLE = YES;
				IPHONEOS_DEPLOYMENT_TARGET = 9.3;
				MTL_ENABLE_DEBUG_INFO = YES;
				ONLY_ACTIVE_ARCH = YES;
				SDKROOT = iphoneos;
				TARGETED_DEVICE_FAMILY = "1,2";
			};
			name = Debug;
		};
		E4901EAD1CE196970049B55F /* Release */ = {
			isa = XCBuildConfiguration;
			buildSettings = {
				ALWAYS_SEARCH_USER_PATHS = NO;
				CLANG_ANALYZER_NONNULL = YES;
				CLANG_CXX_LANGUAGE_STANDARD = "gnu++0x";
				CLANG_CXX_LIBRARY = "libc++";
				CLANG_ENABLE_MODULES = YES;
				CLANG_ENABLE_OBJC_ARC = YES;
				CLANG_WARN_BOOL_CONVERSION = YES;
				CLANG_WARN_CONSTANT_CONVERSION = YES;
				CLANG_WARN_DIRECT_OBJC_ISA_USAGE = YES_ERROR;
				CLANG_WARN_EMPTY_BODY = YES;
				CLANG_WARN_ENUM_CONVERSION = YES;
				CLANG_WARN_INT_CONVERSION = YES;
				CLANG_WARN_OBJC_ROOT_CLASS = YES_ERROR;
				CLANG_WARN_UNREACHABLE_CODE = YES;
				CLANG_WARN__DUPLICATE_METHOD_MATCH = YES;
				"CODE_SIGN_IDENTITY[sdk=iphoneos*]" = "iPhone Developer";
				COPY_PHASE_STRIP = NO;
				DEBUG_INFORMATION_FORMAT = "dwarf-with-dsym";
				ENABLE_NS_ASSERTIONS = NO;
				ENABLE_STRICT_OBJC_MSGSEND = YES;
				GCC_C_LANGUAGE_STANDARD = gnu99;
				GCC_NO_COMMON_BLOCKS = YES;
				GCC_WARN_64_TO_32_BIT_CONVERSION = YES;
				GCC_WARN_ABOUT_RETURN_TYPE = YES_ERROR;
				GCC_WARN_UNDECLARED_SELECTOR = YES;
				GCC_WARN_UNINITIALIZED_AUTOS = YES_AGGRESSIVE;
				GCC_WARN_UNUSED_FUNCTION = YES;
				GCC_WARN_UNUSED_VARIABLE = YES;
				IPHONEOS_DEPLOYMENT_TARGET = 9.3;
				MTL_ENABLE_DEBUG_INFO = NO;
				SDKROOT = iphoneos;
				TARGETED_DEVICE_FAMILY = "1,2";
				VALIDATE_PRODUCT = YES;
			};
			name = Release;
		};
		E4901EAF1CE196970049B55F /* Debug */ = {
			isa = XCBuildConfiguration;
			buildSettings = {
				ASSETCATALOG_COMPILER_APPICON_NAME = AppIcon;
				INFOPLIST_FILE = "ZBDemo-单例模式/Info.plist";
				LD_RUNPATH_SEARCH_PATHS = "$(inherited) @executable_path/Frameworks";
				PRODUCT_BUNDLE_IDENTIFIER = "com.zhibaoinfinte.ZBDemo-----";
				PRODUCT_NAME = "$(TARGET_NAME)";
			};
			name = Debug;
		};
		E4901EB01CE196970049B55F /* Release */ = {
			isa = XCBuildConfiguration;
			buildSettings = {
				ASSETCATALOG_COMPILER_APPICON_NAME = AppIcon;
				INFOPLIST_FILE = "ZBDemo-单例模式/Info.plist";
				LD_RUNPATH_SEARCH_PATHS = "$(inherited) @executable_path/Frameworks";
				PRODUCT_BUNDLE_IDENTIFIER = "com.zhibaoinfinte.ZBDemo-----";
				PRODUCT_NAME = "$(TARGET_NAME)";
			};
			name = Release;
		};
/* End XCBuildConfiguration section */

/* Begin XCConfigurationList section */
		E4901E921CE196970049B55F /* Build configuration list for PBXProject "ZBDemo-单例模式" */ = {
			isa = XCConfigurationList;
			buildConfigurations = (
				E4901EAC1CE196970049B55F /* Debug */,
				E4901EAD1CE196970049B55F /* Release */,
			);
			defaultConfigurationIsVisible = 0;
			defaultConfigurationName = Release;
		};
		E4901EAE1CE196970049B55F /* Build configuration list for PBXNativeTarget "ZBDemo-单例模式" */ = {
			isa = XCConfigurationList;
			buildConfigurations = (
				E4901EAF1CE196970049B55F /* Debug */,
				E4901EB01CE196970049B55F /* Release */,
			);
			defaultConfigurationIsVisible = 0;
		};
/* End XCConfigurationList section */
	};
	rootObject = E4901E8F1CE196970049B55F /* Project object */;
}
